github.com/pwiecz/go-fltk v0.0.0-20240511142305-990b442ae1ed h1:7/j/4x3KAwuJB9sWdfhi+1UFbv42TyJ4LyUI/GHS+p8=
github.com/pwiecz/go-fltk v0.0.0-20240511142305-990b442ae1ed/go.mod h1:uMK5daOr9p+ba2BPs5QadbfaqqrHR5TGj13yWGsAsmw=
github.com/roblillack/gocoa v0.3.0 h1:ZvEulTbrJHgmeweJJrHZhoGvUzgD/Q54Pmc+cJ5sJyo=
github.com/roblillack/gocoa v0.3.0/go.mod h1:zySUFzLK/KSb3KDT903dTRJ2WPmMBbF3a2u8/39UzMg=
